
Microsoft Visual Studio Solution File, Format Version 12.00
# Visual Studio 15
VisualStudioVersion = 15.0.26730.12
MinimumVisualStudioVersion = 15.0.26124.0
Project("{9A19103F-16F7-4668-BE54-9A1E7A4F7556}") = "VCRSharp.Tests", "vcr-sharp-tests\VCRSharp.Tests.csproj", "{3D505D30-B2A1-438F-B8E2-347C3A7BE440}"
EndProject
Project("{2150E333-8FDC-42A3-9474-1A3956D46DE8}") = "meta", "meta", "{5E553785-0677-4AC9-A7E0-93929422E196}"
	ProjectSection(SolutionItems) = preProject
		appveyor.yml = appveyor.yml
		README.md = README.md
	EndProjectSection
EndProject
Project("{FAE04EC0-301F-11D3-BF4B-00C04F79EFBC}") = "VCRSharp.Benchmarks", "VCRSharp.Benchmarks\VCRSharp.Benchmarks.csproj", "{D3C5E0D1-3AEB-467D-9B70-CDDCCB541C56}"
EndProject
Global
	GlobalSection(SolutionConfigurationPlatforms) = preSolution
		Debug|Any CPU = Debug|Any CPU
		Debug|x64 = Debug|x64
		Debug|x86 = Debug|x86
		Release|Any CPU = Release|Any CPU
		Release|x64 = Release|x64
		Release|x86 = Release|x86
	EndGlobalSection
	GlobalSection(ProjectConfigurationPlatforms) = postSolution
		{3D505D30-B2A1-438F-B8E2-347C3A7BE440}.Debug|Any CPU.ActiveCfg = Debug|Any CPU
		{3D505D30-B2A1-438F-B8E2-347C3A7BE440}.Debug|Any CPU.Build.0 = Debug|Any CPU
		{3D505D30-B2A1-438F-B8E2-347C3A7BE440}.Debug|x64.ActiveCfg = Debug|Any CPU
		{3D505D30-B2A1-438F-B8E2-347C3A7BE440}.Debug|x64.Build.0 = Debug|Any CPU
		{3D505D30-B2A1-438F-B8E2-347C3A7BE440}.Debug|x86.ActiveCfg = Debug|Any CPU
		{3D505D30-B2A1-438F-B8E2-347C3A7BE440}.Debug|x86.Build.0 = Debug|Any CPU
		{3D505D30-B2A1-438F-B8E2-347C3A7BE440}.Release|Any CPU.ActiveCfg = Release|Any CPU
		{3D505D30-B2A1-438F-B8E2-347C3A7BE440}.Release|Any CPU.Build.0 = Release|Any CPU
		{3D505D30-B2A1-438F-B8E2-347C3A7BE440}.Release|x64.ActiveCfg = Release|Any CPU
		{3D505D30-B2A1-438F-B8E2-347C3A7BE440}.Release|x64.Build.0 = Release|Any CPU
		{3D505D30-B2A1-438F-B8E2-347C3A7BE440}.Release|x86.ActiveCfg = Release|Any CPU
		{3D505D30-B2A1-438F-B8E2-347C3A7BE440}.Release|x86.Build.0 = Release|Any CPU
		{D3C5E0D1-3AEB-467D-9B70-CDDCCB541C56}.Debug|Any CPU.ActiveCfg = Debug|Any CPU
		{D3C5E0D1-3AEB-467D-9B70-CDDCCB541C56}.Debug|Any CPU.Build.0 = Debug|Any CPU
		{D3C5E0D1-3AEB-467D-9B70-CDDCCB541C56}.Debug|x64.ActiveCfg = Debug|Any CPU
		{D3C5E0D1-3AEB-467D-9B70-CDDCCB541C56}.Debug|x64.Build.0 = Debug|Any CPU
		{D3C5E0D1-3AEB-467D-9B70-CDDCCB541C56}.Debug|x86.ActiveCfg = Debug|Any CPU
		{D3C5E0D1-3AEB-467D-9B70-CDDCCB541C56}.Debug|x86.Build.0 = Debug|Any CPU
		{D3C5E0D1-3AEB-467D-9B70-CDDCCB541C56}.Release|Any CPU.ActiveCfg = Release|Any CPU
		{D3C5E0D1-3AEB-467D-9B70-CDDCCB541C56}.Release|Any CPU.Build.0 = Release|Any CPU
		{D3C5E0D1-3AEB-467D-9B70-CDDCCB541C56}.Release|x64.ActiveCfg = Release|Any CPU
		{D3C5E0D1-3AEB-467D-9B70-CDDCCB541C56}.Release|x64.Build.0 = Release|Any CPU
		{D3C5E0D1-3AEB-467D-9B70-CDDCCB541C56}.Release|x86.ActiveCfg = Release|Any CPU
		{D3C5E0D1-3AEB-467D-9B70-CDDCCB541C56}.Release|x86.Build.0 = Release|Any CPU
	EndGlobalSection
	GlobalSection(SolutionProperties) = preSolution
		HideSolutionNode = FALSE
	EndGlobalSection
	GlobalSection(ExtensibilityGlobals) = postSolution
		SolutionGuid = {EC001710-E020-42AD-9606-608728BFED58}
	EndGlobalSection
EndGlobal
